// !$*UTF8*$!
{
	archiveVersion = 1;
	classes = {
	};
	objectVersion = 56;
	objects = {

/* Begin PBXBuildFile section */
		CA52B10029BBA0B4008345E0 /* NetworkService.swift in Sources */ = {isa = PBXBuildFile; fileRef = CA52B0FF29BBA0B4008345E0 /* NetworkService.swift */; };
		CA52B10329BBA176008345E0 /* NetworkServiceTests.swift in Sources */ = {isa = PBXBuildFile; fileRef = CA52B10229BBA176008345E0 /* NetworkServiceTests.swift */; };
		CA52B10629BBA1B0008345E0 /* URLSessionMock.swift in Sources */ = {isa = PBXBuildFile; fileRef = CA52B10529BBA1B0008345E0 /* URLSessionMock.swift */; };
		CA52B10829BBA20B008345E0 /* URLSessionDataTaskMock.swift in Sources */ = {isa = PBXBuildFile; fileRef = CA52B10729BBA20B008345E0 /* URLSessionDataTaskMock.swift */; };
		CA52B10D29BBB1AE008345E0 /* ServiceProtocol.swift in Sources */ = {isa = PBXBuildFile; fileRef = CA52B10C29BBB1AE008345E0 /* ServiceProtocol.swift */; };
		CA52B11029BBB225008345E0 /* Service.swift in Sources */ = {isa = PBXBuildFile; fileRef = CA52B10F29BBB225008345E0 /* Service.swift */; };
		CA52B11529BBCD4C008345E0 /* TransactionListResponseModel.swift in Sources */ = {isa = PBXBuildFile; fileRef = CA52B11429BBCD4C008345E0 /* TransactionListResponseModel.swift */; };
		CA52B11829BBD541008345E0 /* TransactionListViewModel.swift in Sources */ = {isa = PBXBuildFile; fileRef = CA52B11729BBD541008345E0 /* TransactionListViewModel.swift */; };
		CA52B11A29BD59E3008345E0 /* Endpoints.swift in Sources */ = {isa = PBXBuildFile; fileRef = CA52B11929BD59E3008345E0 /* Endpoints.swift */; };
		CA52B11C29BD5E5D008345E0 /* Transaction.swift in Sources */ = {isa = PBXBuildFile; fileRef = CA52B11B29BD5E5D008345E0 /* Transaction.swift */; };
		CA52B11E29BD5E75008345E0 /* TransactionType.swift in Sources */ = {isa = PBXBuildFile; fileRef = CA52B11D29BD5E75008345E0 /* TransactionType.swift */; };
		CA52B12029BD5E9E008345E0 /* TransactionSmallIcon.swift in Sources */ = {isa = PBXBuildFile; fileRef = CA52B11F29BD5E9E008345E0 /* TransactionSmallIcon.swift */; };
		CA52B12229BD5EBA008345E0 /* TransactionAmount.swift in Sources */ = {isa = PBXBuildFile; fileRef = CA52B12129BD5EBA008345E0 /* TransactionAmount.swift */; };
		CA52B12429BD5EF1008345E0 /* TransactionCurrency.swift in Sources */ = {isa = PBXBuildFile; fileRef = CA52B12329BD5EF1008345E0 /* TransactionCurrency.swift */; };
		CA52B12829BF9312008345E0 /* TransactionListView.swift in Sources */ = {isa = PBXBuildFile; fileRef = CA52B12729BF9312008345E0 /* TransactionListView.swift */; };
		CA52B12A29BFB09D008345E0 /* TransactionListRow.swift in Sources */ = {isa = PBXBuildFile; fileRef = CA52B12929BFB09D008345E0 /* TransactionListRow.swift */; };
		CA52B12E29C01DB5008345E0 /* String+ValueOrEmpty.swift in Sources */ = {isa = PBXBuildFile; fileRef = CA52B12D29C01DB5008345E0 /* String+ValueOrEmpty.swift */; };
		CA52B13229C021EF008345E0 /* Spacing.swift in Sources */ = {isa = PBXBuildFile; fileRef = CA52B13129C021EF008345E0 /* Spacing.swift */; };
		CA52B13429C025BC008345E0 /* String+DateFormatter.swift in Sources */ = {isa = PBXBuildFile; fileRef = CA52B13329C025BC008345E0 /* String+DateFormatter.swift */; };
		CA52B13629C029FF008345E0 /* Double+NumberFormatter.swift in Sources */ = {isa = PBXBuildFile; fileRef = CA52B13529C029FF008345E0 /* Double+NumberFormatter.swift */; };
		CACBC22E29C1075D00BB154E /* TransactionSmallIconCategory.swift in Sources */ = {isa = PBXBuildFile; fileRef = CACBC22D29C1075D00BB154E /* TransactionSmallIconCategory.swift */; };
		CACBC23029C107C000BB154E /* TransactionLargeIconCategory.swift in Sources */ = {isa = PBXBuildFile; fileRef = CACBC22F29C107C000BB154E /* TransactionLargeIconCategory.swift */; };
		CACBC23229C108E100BB154E /* TransactionLargeIcon.swift in Sources */ = {isa = PBXBuildFile; fileRef = CACBC23129C108E100BB154E /* TransactionLargeIcon.swift */; };
		CACBC23629C1647700BB154E /* TransactionMonthGroup.swift in Sources */ = {isa = PBXBuildFile; fileRef = CACBC23529C1647700BB154E /* TransactionMonthGroup.swift */; };
		CACBC23A29C1970D00BB154E /* Colors.swift in Sources */ = {isa = PBXBuildFile; fileRef = CACBC23929C1970D00BB154E /* Colors.swift */; };
		CACBC23D29C2690B00BB154E /* Montserrat-Medium.ttf in Resources */ = {isa = PBXBuildFile; fileRef = CACBC23C29C2690B00BB154E /* Montserrat-Medium.ttf */; };
		CACBC23F29C2693200BB154E /* Montserrat-SemiBold.ttf in Resources */ = {isa = PBXBuildFile; fileRef = CACBC23E29C2693200BB154E /* Montserrat-SemiBold.ttf */; };
		CACBC24129C2694500BB154E /* Montserrat-Bold.ttf in Resources */ = {isa = PBXBuildFile; fileRef = CACBC24029C2694500BB154E /* Montserrat-Bold.ttf */; };
		CACBC24529C2C4BA00BB154E /* FontName.swift in Sources */ = {isa = PBXBuildFile; fileRef = CACBC24429C2C4BA00BB154E /* FontName.swift */; };
		CACBC24729C2C4FC00BB154E /* FontFamily.swift in Sources */ = {isa = PBXBuildFile; fileRef = CACBC24629C2C4FC00BB154E /* FontFamily.swift */; };
		CACBC24929C2C59400BB154E /* SemanticFont.swift in Sources */ = {isa = PBXBuildFile; fileRef = CACBC24829C2C59300BB154E /* SemanticFont.swift */; };
		CACBC24F29C2FC5A00BB154E /* TransactionDetailView.swift in Sources */ = {isa = PBXBuildFile; fileRef = CACBC24E29C2FC5A00BB154E /* TransactionDetailView.swift */; };
		CACBC25129C30F8800BB154E /* String+Capitalized.swift in Sources */ = {isa = PBXBuildFile; fileRef = CACBC25029C30F8800BB154E /* String+Capitalized.swift */; };
		CACBC25429C3122300BB154E /* TransactionQuickActions.swift in Sources */ = {isa = PBXBuildFile; fileRef = CACBC25329C3122300BB154E /* TransactionQuickActions.swift */; };
		CACBC25729C47E8F00BB154E /* ImageView.swift in Sources */ = {isa = PBXBuildFile; fileRef = CACBC25629C47E8F00BB154E /* ImageView.swift */; };
		CACBC25A29C5344600BB154E /* TransactionListViewModelTests.swift in Sources */ = {isa = PBXBuildFile; fileRef = CACBC25929C5344600BB154E /* TransactionListViewModelTests.swift */; };
		CACBC25C29C53A0800BB154E /* TransactionLargeIconCategoryTests.swift in Sources */ = {isa = PBXBuildFile; fileRef = CACBC25B29C53A0800BB154E /* TransactionLargeIconCategoryTests.swift */; };
		CACBC25E29C53CDB00BB154E /* TransactionSmallIconCategoryTests.swift in Sources */ = {isa = PBXBuildFile; fileRef = CACBC25D29C53CDB00BB154E /* TransactionSmallIconCategoryTests.swift */; };
		CACBC26029C53DE700BB154E /* TransactionTests.swift in Sources */ = {isa = PBXBuildFile; fileRef = CACBC25F29C53DE700BB154E /* TransactionTests.swift */; };
		CACBC26329C5450700BB154E /* TransactionQuickActionsTests.swift in Sources */ = {isa = PBXBuildFile; fileRef = CACBC26229C5450700BB154E /* TransactionQuickActionsTests.swift */; };
		CACBC26629C5478800BB154E /* String+CapitalizedTests.swift in Sources */ = {isa = PBXBuildFile; fileRef = CACBC26529C5478800BB154E /* String+CapitalizedTests.swift */; };
		CACBC26829C5485900BB154E /* Double+NumberFormatterTests.swift in Sources */ = {isa = PBXBuildFile; fileRef = CACBC26729C5485900BB154E /* Double+NumberFormatterTests.swift */; };
		CACBC26A29C5492D00BB154E /* String+DateFormatterTests.swift in Sources */ = {isa = PBXBuildFile; fileRef = CACBC26929C5492D00BB154E /* String+DateFormatterTests.swift */; };
		CACBC26C29C54A3D00BB154E /* String+ValueOrEmptyTests.swift in Sources */ = {isa = PBXBuildFile; fileRef = CACBC26B29C54A3D00BB154E /* String+ValueOrEmptyTests.swift */; };
		CADE074A29BB9D9900E1044A /* SwileTestApp.swift in Sources */ = {isa = PBXBuildFile; fileRef = CADE074929BB9D9900E1044A /* SwileTestApp.swift */; };
		CADE074C29BB9D9900E1044A /* ContentView.swift in Sources */ = {isa = PBXBuildFile; fileRef = CADE074B29BB9D9900E1044A /* ContentView.swift */; };
		CADE074E29BB9D9B00E1044A /* Assets.xcassets in Resources */ = {isa = PBXBuildFile; fileRef = CADE074D29BB9D9B00E1044A /* Assets.xcassets */; };
		CADE075129BB9D9B00E1044A /* Preview Assets.xcassets in Resources */ = {isa = PBXBuildFile; fileRef = CADE075029BB9D9B00E1044A /* Preview Assets.xcassets */; };
		CADE076529BB9D9B00E1044A /* SwileTestUITests.swift in Sources */ = {isa = PBXBuildFile; fileRef = CADE076429BB9D9B00E1044A /* SwileTestUITests.swift */; };
		CADE076729BB9D9B00E1044A /* SwileTestUITestsLaunchTests.swift in Sources */ = {isa = PBXBuildFile; fileRef = CADE076629BB9D9B00E1044A /* SwileTestUITestsLaunchTests.swift */; };
/* End PBXBuildFile section */

/* Begin PBXContainerItemProxy section */
		CADE075729BB9D9B00E1044A /* PBXContainerItemProxy */ = {
			isa = PBXContainerItemProxy;
			containerPortal = CADE073E29BB9D9900E1044A /* Project object */;
			proxyType = 1;
			remoteGlobalIDString = CADE074529BB9D9900E1044A;
			remoteInfo = SwileTest;
		};
		CADE076129BB9D9B00E1044A /* PBXContainerItemProxy */ = {
			isa = PBXContainerItemProxy;
			containerPortal = CADE073E29BB9D9900E1044A /* Project object */;
			proxyType = 1;
			remoteGlobalIDString = CADE074529BB9D9900E1044A;
			remoteInfo = SwileTest;
		};
/* End PBXContainerItemProxy section */

/* Begin PBXFileReference section */
		CA52B0FF29BBA0B4008345E0 /* NetworkService.swift */ = {isa = PBXFileReference; lastKnownFileType = sourcecode.swift; path = NetworkService.swift; sourceTree = "<group>"; };
		CA52B10229BBA176008345E0 /* NetworkServiceTests.swift */ = {isa = PBXFileReference; lastKnownFileType = sourcecode.swift; path = NetworkServiceTests.swift; sourceTree = "<group>"; };
		CA52B10529BBA1B0008345E0 /* URLSessionMock.swift */ = {isa = PBXFileReference; lastKnownFileType = sourcecode.swift; path = URLSessionMock.swift; sourceTree = "<group>"; };
		CA52B10729BBA20B008345E0 /* URLSessionDataTaskMock.swift */ = {isa = PBXFileReference; lastKnownFileType = sourcecode.swift; path = URLSessionDataTaskMock.swift; sourceTree = "<group>"; };
		CA52B10C29BBB1AE008345E0 /* ServiceProtocol.swift */ = {isa = PBXFileReference; lastKnownFileType = sourcecode.swift; path = ServiceProtocol.swift; sourceTree = "<group>"; };
		CA52B10F29BBB225008345E0 /* Service.swift */ = {isa = PBXFileReference; lastKnownFileType = sourcecode.swift; path = Service.swift; sourceTree = "<group>"; };
		CA52B11429BBCD4C008345E0 /* TransactionListResponseModel.swift */ = {isa = PBXFileReference; lastKnownFileType = sourcecode.swift; path = TransactionListResponseModel.swift; sourceTree = "<group>"; };
		CA52B11729BBD541008345E0 /* TransactionListViewModel.swift */ = {isa = PBXFileReference; lastKnownFileType = sourcecode.swift; path = TransactionListViewModel.swift; sourceTree = "<group>"; };
		CA52B11929BD59E3008345E0 /* Endpoints.swift */ = {isa = PBXFileReference; lastKnownFileType = sourcecode.swift; path = Endpoints.swift; sourceTree = "<group>"; };
		CA52B11B29BD5E5D008345E0 /* Transaction.swift */ = {isa = PBXFileReference; lastKnownFileType = sourcecode.swift; path = Transaction.swift; sourceTree = "<group>"; };
		CA52B11D29BD5E75008345E0 /* TransactionType.swift */ = {isa = PBXFileReference; lastKnownFileType = sourcecode.swift; path = TransactionType.swift; sourceTree = "<group>"; };
		CA52B11F29BD5E9E008345E0 /* TransactionSmallIcon.swift */ = {isa = PBXFileReference; lastKnownFileType = sourcecode.swift; path = TransactionSmallIcon.swift; sourceTree = "<group>"; };
		CA52B12129BD5EBA008345E0 /* TransactionAmount.swift */ = {isa = PBXFileReference; lastKnownFileType = sourcecode.swift; path = TransactionAmount.swift; sourceTree = "<group>"; };
		CA52B12329BD5EF1008345E0 /* TransactionCurrency.swift */ = {isa = PBXFileReference; lastKnownFileType = sourcecode.swift; path = TransactionCurrency.swift; sourceTree = "<group>"; };
		CA52B12729BF9312008345E0 /* TransactionListView.swift */ = {isa = PBXFileReference; lastKnownFileType = sourcecode.swift; path = TransactionListView.swift; sourceTree = "<group>"; };
		CA52B12929BFB09D008345E0 /* TransactionListRow.swift */ = {isa = PBXFileReference; lastKnownFileType = sourcecode.swift; path = TransactionListRow.swift; sourceTree = "<group>"; };
		CA52B12D29C01DB5008345E0 /* String+ValueOrEmpty.swift */ = {isa = PBXFileReference; lastKnownFileType = sourcecode.swift; path = "String+ValueOrEmpty.swift"; sourceTree = "<group>"; };
		CA52B13129C021EF008345E0 /* Spacing.swift */ = {isa = PBXFileReference; lastKnownFileType = sourcecode.swift; path = Spacing.swift; sourceTree = "<group>"; };
		CA52B13329C025BC008345E0 /* String+DateFormatter.swift */ = {isa = PBXFileReference; lastKnownFileType = sourcecode.swift; path = "String+DateFormatter.swift"; sourceTree = "<group>"; };
		CA52B13529C029FF008345E0 /* Double+NumberFormatter.swift */ = {isa = PBXFileReference; lastKnownFileType = sourcecode.swift; path = "Double+NumberFormatter.swift"; sourceTree = "<group>"; };
		CACBC22D29C1075D00BB154E /* TransactionSmallIconCategory.swift */ = {isa = PBXFileReference; lastKnownFileType = sourcecode.swift; path = TransactionSmallIconCategory.swift; sourceTree = "<group>"; };
		CACBC22F29C107C000BB154E /* TransactionLargeIconCategory.swift */ = {isa = PBXFileReference; lastKnownFileType = sourcecode.swift; path = TransactionLargeIconCategory.swift; sourceTree = "<group>"; };
		CACBC23129C108E100BB154E /* TransactionLargeIcon.swift */ = {isa = PBXFileReference; lastKnownFileType = sourcecode.swift; path = TransactionLargeIcon.swift; sourceTree = "<group>"; };
		CACBC23529C1647700BB154E /* TransactionMonthGroup.swift */ = {isa = PBXFileReference; lastKnownFileType = sourcecode.swift; path = TransactionMonthGroup.swift; sourceTree = "<group>"; };
		CACBC23929C1970D00BB154E /* Colors.swift */ = {isa = PBXFileReference; lastKnownFileType = sourcecode.swift; path = Colors.swift; sourceTree = "<group>"; };
		CACBC23C29C2690B00BB154E /* Montserrat-Medium.ttf */ = {isa = PBXFileReference; lastKnownFileType = file; path = "Montserrat-Medium.ttf"; sourceTree = "<group>"; };
		CACBC23E29C2693200BB154E /* Montserrat-SemiBold.ttf */ = {isa = PBXFileReference; lastKnownFileType = file; path = "Montserrat-SemiBold.ttf"; sourceTree = "<group>"; };
		CACBC24029C2694500BB154E /* Montserrat-Bold.ttf */ = {isa = PBXFileReference; lastKnownFileType = file; path = "Montserrat-Bold.ttf"; sourceTree = "<group>"; };
		CACBC24229C2C43500BB154E /* Info.plist */ = {isa = PBXFileReference; lastKnownFileType = text.plist; path = Info.plist; sourceTree = "<group>"; };
		CACBC24429C2C4BA00BB154E /* FontName.swift */ = {isa = PBXFileReference; lastKnownFileType = sourcecode.swift; path = FontName.swift; sourceTree = "<group>"; };
		CACBC24629C2C4FC00BB154E /* FontFamily.swift */ = {isa = PBXFileReference; lastKnownFileType = sourcecode.swift; path = FontFamily.swift; sourceTree = "<group>"; };
		CACBC24829C2C59300BB154E /* SemanticFont.swift */ = {isa = PBXFileReference; lastKnownFileType = sourcecode.swift; path = SemanticFont.swift; sourceTree = "<group>"; };
		CACBC24E29C2FC5A00BB154E /* TransactionDetailView.swift */ = {isa = PBXFileReference; lastKnownFileType = sourcecode.swift; path = TransactionDetailView.swift; sourceTree = "<group>"; };
		CACBC25029C30F8800BB154E /* String+Capitalized.swift */ = {isa = PBXFileReference; lastKnownFileType = sourcecode.swift; path = "String+Capitalized.swift"; sourceTree = "<group>"; };
		CACBC25329C3122300BB154E /* TransactionQuickActions.swift */ = {isa = PBXFileReference; lastKnownFileType = sourcecode.swift; path = TransactionQuickActions.swift; sourceTree = "<group>"; };
		CACBC25629C47E8F00BB154E /* ImageView.swift */ = {isa = PBXFileReference; lastKnownFileType = sourcecode.swift; path = ImageView.swift; sourceTree = "<group>"; };
		CACBC25929C5344600BB154E /* TransactionListViewModelTests.swift */ = {isa = PBXFileReference; lastKnownFileType = sourcecode.swift; path = TransactionListViewModelTests.swift; sourceTree = "<group>"; };
		CACBC25B29C53A0800BB154E /* TransactionLargeIconCategoryTests.swift */ = {isa = PBXFileReference; lastKnownFileType = sourcecode.swift; path = TransactionLargeIconCategoryTests.swift; sourceTree = "<group>"; };
		CACBC25D29C53CDB00BB154E /* TransactionSmallIconCategoryTests.swift */ = {isa = PBXFileReference; lastKnownFileType = sourcecode.swift; path = TransactionSmallIconCategoryTests.swift; sourceTree = "<group>"; };
		CACBC25F29C53DE700BB154E /* TransactionTests.swift */ = {isa = PBXFileReference; lastKnownFileType = sourcecode.swift; path = TransactionTests.swift; sourceTree = "<group>"; };
		CACBC26229C5450700BB154E /* TransactionQuickActionsTests.swift */ = {isa = PBXFileReference; lastKnownFileType = sourcecode.swift; path = TransactionQuickActionsTests.swift; sourceTree = "<group>"; };
		CACBC26529C5478800BB154E /* String+CapitalizedTests.swift */ = {isa = PBXFileReference; lastKnownFileType = sourcecode.swift; path = "String+CapitalizedTests.swift"; sourceTree = "<group>"; };
		CACBC26729C5485900BB154E /* Double+NumberFormatterTests.swift */ = {isa = PBXFileReference; lastKnownFileType = sourcecode.swift; path = "Double+NumberFormatterTests.swift"; sourceTree = "<group>"; };
		CACBC26929C5492D00BB154E /* String+DateFormatterTests.swift */ = {isa = PBXFileReference; lastKnownFileType = sourcecode.swift; path = "String+DateFormatterTests.swift"; sourceTree = "<group>"; };
		CACBC26B29C54A3D00BB154E /* String+ValueOrEmptyTests.swift */ = {isa = PBXFileReference; lastKnownFileType = sourcecode.swift; path = "String+ValueOrEmptyTests.swift"; sourceTree = "<group>"; };
		CADE074629BB9D9900E1044A /* SwileTest.app */ = {isa = PBXFileReference; explicitFileType = wrapper.application; includeInIndex = 0; path = SwileTest.app; sourceTree = BUILT_PRODUCTS_DIR; };
		CADE074929BB9D9900E1044A /* SwileTestApp.swift */ = {isa = PBXFileReference; lastKnownFileType = sourcecode.swift; path = SwileTestApp.swift; sourceTree = "<group>"; };
		CADE074B29BB9D9900E1044A /* ContentView.swift */ = {isa = PBXFileReference; lastKnownFileType = sourcecode.swift; path = ContentView.swift; sourceTree = "<group>"; };
		CADE074D29BB9D9B00E1044A /* Assets.xcassets */ = {isa = PBXFileReference; lastKnownFileType = folder.assetcatalog; path = Assets.xcassets; sourceTree = "<group>"; };
		CADE075029BB9D9B00E1044A /* Preview Assets.xcassets */ = {isa = PBXFileReference; lastKnownFileType = folder.assetcatalog; path = "Preview Assets.xcassets"; sourceTree = "<group>"; };
		CADE075629BB9D9B00E1044A /* SwileTestTests.xctest */ = {isa = PBXFileReference; explicitFileType = wrapper.cfbundle; includeInIndex = 0; path = SwileTestTests.xctest; sourceTree = BUILT_PRODUCTS_DIR; };
		CADE076029BB9D9B00E1044A /* SwileTestUITests.xctest */ = {isa = PBXFileReference; explicitFileType = wrapper.cfbundle; includeInIndex = 0; path = SwileTestUITests.xctest; sourceTree = BUILT_PRODUCTS_DIR; };
		CADE076429BB9D9B00E1044A /* SwileTestUITests.swift */ = {isa = PBXFileReference; lastKnownFileType = sourcecode.swift; path = SwileTestUITests.swift; sourceTree = "<group>"; };
		CADE076629BB9D9B00E1044A /* SwileTestUITestsLaunchTests.swift */ = {isa = PBXFileReference; lastKnownFileType = sourcecode.swift; path = SwileTestUITestsLaunchTests.swift; sourceTree = "<group>"; };
/* End PBXFileReference section */

/* Begin PBXFrameworksBuildPhase section */
		CADE074329BB9D9900E1044A /* Frameworks */ = {
			isa = PBXFrameworksBuildPhase;
			buildActionMask = 2147483647;
			files = (
			);
			runOnlyForDeploymentPostprocessing = 0;
		};
		CADE075329BB9D9B00E1044A /* Frameworks */ = {
			isa = PBXFrameworksBuildPhase;
			buildActionMask = 2147483647;
			files = (
			);
			runOnlyForDeploymentPostprocessing = 0;
		};
		CADE075D29BB9D9B00E1044A /* Frameworks */ = {
			isa = PBXFrameworksBuildPhase;
			buildActionMask = 2147483647;
			files = (
			);
			runOnlyForDeploymentPostprocessing = 0;
		};
/* End PBXFrameworksBuildPhase section */

/* Begin PBXGroup section */
		CA52B0FE29BBA023008345E0 /* Network */ = {
			isa = PBXGroup;
			children = (
				CA52B10F29BBB225008345E0 /* Service.swift */,
				CA52B10C29BBB1AE008345E0 /* ServiceProtocol.swift */,
				CA52B0FF29BBA0B4008345E0 /* NetworkService.swift */,
				CA52B11929BD59E3008345E0 /* Endpoints.swift */,
			);
			path = Network;
			sourceTree = "<group>";
		};
		CA52B10129BBA156008345E0 /* Network */ = {
			isa = PBXGroup;
			children = (
				CA52B10429BBA190008345E0 /* Mocks */,
				CA52B10229BBA176008345E0 /* NetworkServiceTests.swift */,
			);
			path = Network;
			sourceTree = "<group>";
		};
		CA52B10429BBA190008345E0 /* Mocks */ = {
			isa = PBXGroup;
			children = (
				CA52B10529BBA1B0008345E0 /* URLSessionMock.swift */,
				CA52B10729BBA20B008345E0 /* URLSessionDataTaskMock.swift */,
			);
			path = Mocks;
			sourceTree = "<group>";
		};
		CA52B11129BBB24B008345E0 /* Features */ = {
			isa = PBXGroup;
			children = (
				CACBC24A29C2E67900BB154E /* TransactionDetail */,
				CA52B11229BBB256008345E0 /* TransactionList */,
			);
			path = Features;
			sourceTree = "<group>";
		};
		CA52B11229BBB256008345E0 /* TransactionList */ = {
			isa = PBXGroup;
			children = (
				CA52B12629BF92F1008345E0 /* Views */,
				CA52B11629BBD0BE008345E0 /* ViewModel */,
				CA52B11329BBB26A008345E0 /* Models */,
			);
			path = TransactionList;
			sourceTree = "<group>";
		};
		CA52B11329BBB26A008345E0 /* Models */ = {
			isa = PBXGroup;
			children = (
				CA52B11429BBCD4C008345E0 /* TransactionListResponseModel.swift */,
				CA52B11B29BD5E5D008345E0 /* Transaction.swift */,
				CA52B11D29BD5E75008345E0 /* TransactionType.swift */,
				CA52B11F29BD5E9E008345E0 /* TransactionSmallIcon.swift */,
				CACBC23129C108E100BB154E /* TransactionLargeIcon.swift */,
				CA52B12129BD5EBA008345E0 /* TransactionAmount.swift */,
				CA52B12329BD5EF1008345E0 /* TransactionCurrency.swift */,
				CACBC22D29C1075D00BB154E /* TransactionSmallIconCategory.swift */,
				CACBC22F29C107C000BB154E /* TransactionLargeIconCategory.swift */,
				CACBC23529C1647700BB154E /* TransactionMonthGroup.swift */,
			);
			path = Models;
			sourceTree = "<group>";
		};
		CA52B11629BBD0BE008345E0 /* ViewModel */ = {
			isa = PBXGroup;
			children = (
				CA52B11729BBD541008345E0 /* TransactionListViewModel.swift */,
			);
			path = ViewModel;
			sourceTree = "<group>";
		};
		CA52B12629BF92F1008345E0 /* Views */ = {
			isa = PBXGroup;
			children = (
				CA52B12729BF9312008345E0 /* TransactionListView.swift */,
				CA52B12929BFB09D008345E0 /* TransactionListRow.swift */,
			);
			path = Views;
			sourceTree = "<group>";
		};
		CA52B12B29C01D80008345E0 /* Helpers */ = {
			isa = PBXGroup;
			children = (
				CA52B12C29C01D8B008345E0 /* Extensions */,
			);
			path = Helpers;
			sourceTree = "<group>";
		};
		CA52B12C29C01D8B008345E0 /* Extensions */ = {
			isa = PBXGroup;
			children = (
				CA52B12D29C01DB5008345E0 /* String+ValueOrEmpty.swift */,
				CA52B13329C025BC008345E0 /* String+DateFormatter.swift */,
				CA52B13529C029FF008345E0 /* Double+NumberFormatter.swift */,
				CACBC25029C30F8800BB154E /* String+Capitalized.swift */,
			);
			path = Extensions;
			sourceTree = "<group>";
		};
		CA52B12F29C021D5008345E0 /* DesignSystem */ = {
			isa = PBXGroup;
			children = (
				CACBC25529C47E0600BB154E /* Components */,
				CACBC23B29C2689500BB154E /* Resources */,
				CA52B13129C021EF008345E0 /* Spacing.swift */,
				CACBC23929C1970D00BB154E /* Colors.swift */,
				CACBC24429C2C4BA00BB154E /* FontName.swift */,
				CACBC24629C2C4FC00BB154E /* FontFamily.swift */,
				CACBC24829C2C59300BB154E /* SemanticFont.swift */,
			);
			path = DesignSystem;
			sourceTree = "<group>";
		};
		CACBC23B29C2689500BB154E /* Resources */ = {
			isa = PBXGroup;
			children = (
				CACBC23C29C2690B00BB154E /* Montserrat-Medium.ttf */,
				CACBC23E29C2693200BB154E /* Montserrat-SemiBold.ttf */,
				CACBC24029C2694500BB154E /* Montserrat-Bold.ttf */,
			);
			path = Resources;
			sourceTree = "<group>";
		};
		CACBC24A29C2E67900BB154E /* TransactionDetail */ = {
			isa = PBXGroup;
			children = (
				CACBC25229C311F300BB154E /* Models */,
				CACBC24B29C2F90F00BB154E /* Views */,
			);
			path = TransactionDetail;
			sourceTree = "<group>";
		};
		CACBC24B29C2F90F00BB154E /* Views */ = {
			isa = PBXGroup;
			children = (
				CACBC24E29C2FC5A00BB154E /* TransactionDetailView.swift */,
			);
			path = Views;
			sourceTree = "<group>";
		};
		CACBC25229C311F300BB154E /* Models */ = {
			isa = PBXGroup;
			children = (
				CACBC25329C3122300BB154E /* TransactionQuickActions.swift */,
			);
			path = Models;
			sourceTree = "<group>";
		};
		CACBC25529C47E0600BB154E /* Components */ = {
			isa = PBXGroup;
			children = (
				CACBC25629C47E8F00BB154E /* ImageView.swift */,
			);
			path = Components;
			sourceTree = "<group>";
		};
		CACBC25829C5342100BB154E /* TransactionList */ = {
			isa = PBXGroup;
			children = (
				CACBC25929C5344600BB154E /* TransactionListViewModelTests.swift */,
				CACBC25B29C53A0800BB154E /* TransactionLargeIconCategoryTests.swift */,
				CACBC25D29C53CDB00BB154E /* TransactionSmallIconCategoryTests.swift */,
				CACBC25F29C53DE700BB154E /* TransactionTests.swift */,
			);
			path = TransactionList;
			sourceTree = "<group>";
		};
		CACBC26129C5447300BB154E /* TransactionDetail */ = {
			isa = PBXGroup;
			children = (
				CACBC26229C5450700BB154E /* TransactionQuickActionsTests.swift */,
			);
			path = TransactionDetail;
			sourceTree = "<group>";
		};
		CACBC26429C5471E00BB154E /* Helpers */ = {
			isa = PBXGroup;
			children = (
				CACBC26529C5478800BB154E /* String+CapitalizedTests.swift */,
				CACBC26729C5485900BB154E /* Double+NumberFormatterTests.swift */,
				CACBC26929C5492D00BB154E /* String+DateFormatterTests.swift */,
				CACBC26B29C54A3D00BB154E /* String+ValueOrEmptyTests.swift */,
			);
			path = Helpers;
			sourceTree = "<group>";
		};
		CADE073D29BB9D9900E1044A = {
			isa = PBXGroup;
			children = (
				CADE074829BB9D9900E1044A /* SwileTest */,
				CADE075929BB9D9B00E1044A /* SwileTestTests */,
				CADE076329BB9D9B00E1044A /* SwileTestUITests */,
				CADE074729BB9D9900E1044A /* Products */,
			);
			sourceTree = "<group>";
		};
		CADE074729BB9D9900E1044A /* Products */ = {
			isa = PBXGroup;
			children = (
				CADE074629BB9D9900E1044A /* SwileTest.app */,
				CADE075629BB9D9B00E1044A /* SwileTestTests.xctest */,
				CADE076029BB9D9B00E1044A /* SwileTestUITests.xctest */,
			);
			name = Products;
			sourceTree = "<group>";
		};
		CADE074829BB9D9900E1044A /* SwileTest */ = {
			isa = PBXGroup;
			children = (
				CACBC24229C2C43500BB154E /* Info.plist */,
				CA52B12F29C021D5008345E0 /* DesignSystem */,
				CA52B12B29C01D80008345E0 /* Helpers */,
				CA52B11129BBB24B008345E0 /* Features */,
				CA52B0FE29BBA023008345E0 /* Network */,
				CADE074929BB9D9900E1044A /* SwileTestApp.swift */,
				CADE074B29BB9D9900E1044A /* ContentView.swift */,
				CADE074D29BB9D9B00E1044A /* Assets.xcassets */,
				CADE074F29BB9D9B00E1044A /* Preview Content */,
			);
			path = SwileTest;
			sourceTree = "<group>";
		};
		CADE074F29BB9D9B00E1044A /* Preview Content */ = {
			isa = PBXGroup;
			children = (
				CADE075029BB9D9B00E1044A /* Preview Assets.xcassets */,
			);
			path = "Preview Content";
			sourceTree = "<group>";
		};
		CADE075929BB9D9B00E1044A /* SwileTestTests */ = {
			isa = PBXGroup;
			children = (
				CACBC26429C5471E00BB154E /* Helpers */,
				CACBC26129C5447300BB154E /* TransactionDetail */,
				CACBC25829C5342100BB154E /* TransactionList */,
				CA52B10129BBA156008345E0 /* Network */,
			);
			path = SwileTestTests;
			sourceTree = "<group>";
		};
		CADE076329BB9D9B00E1044A /* SwileTestUITests */ = {
			isa = PBXGroup;
			children = (
				CADE076429BB9D9B00E1044A /* SwileTestUITests.swift */,
				CADE076629BB9D9B00E1044A /* SwileTestUITestsLaunchTests.swift */,
			);
			path = SwileTestUITests;
			sourceTree = "<group>";
		};
/* End PBXGroup section */

/* Begin PBXNativeTarget section */
		CADE074529BB9D9900E1044A /* SwileTest */ = {
			isa = PBXNativeTarget;
			buildConfigurationList = CADE076A29BB9D9B00E1044A /* Build configuration list for PBXNativeTarget "SwileTest" */;
			buildPhases = (
				CADE074229BB9D9900E1044A /* Sources */,
				CADE074329BB9D9900E1044A /* Frameworks */,
				CADE074429BB9D9900E1044A /* Resources */,
			);
			buildRules = (
			);
			dependencies = (
			);
			name = SwileTest;
			productName = SwileTest;
			productReference = CADE074629BB9D9900E1044A /* SwileTest.app */;
			productType = "com.apple.product-type.application";
		};
		CADE075529BB9D9B00E1044A /* SwileTestTests */ = {
			isa = PBXNativeTarget;
			buildConfigurationList = CADE076D29BB9D9B00E1044A /* Build configuration list for PBXNativeTarget "SwileTestTests" */;
			buildPhases = (
				CADE075229BB9D9B00E1044A /* Sources */,
				CADE075329BB9D9B00E1044A /* Frameworks */,
				CADE075429BB9D9B00E1044A /* Resources */,
			);
			buildRules = (
			);
			dependencies = (
				CADE075829BB9D9B00E1044A /* PBXTargetDependency */,
			);
			name = SwileTestTests;
			productName = SwileTestTests;
			productReference = CADE075629BB9D9B00E1044A /* SwileTestTests.xctest */;
			productType = "com.apple.product-type.bundle.unit-test";
		};
		CADE075F29BB9D9B00E1044A /* SwileTestUITests */ = {
			isa = PBXNativeTarget;
			buildConfigurationList = CADE077029BB9D9B00E1044A /* Build configuration list for PBXNativeTarget "SwileTestUITests" */;
			buildPhases = (
				CADE075C29BB9D9B00E1044A /* Sources */,
				CADE075D29BB9D9B00E1044A /* Frameworks */,
				CADE075E29BB9D9B00E1044A /* Resources */,
			);
			buildRules = (
			);
			dependencies = (
				CADE076229BB9D9B00E1044A /* PBXTargetDependency */,
			);
			name = SwileTestUITests;
			productName = SwileTestUITests;
			productReference = CADE076029BB9D9B00E1044A /* SwileTestUITests.xctest */;
			productType = "com.apple.product-type.bundle.ui-testing";
		};
/* End PBXNativeTarget section */

/* Begin PBXProject section */
		CADE073E29BB9D9900E1044A /* Project object */ = {
			isa = PBXProject;
			attributes = {
				BuildIndependentTargetsInParallel = 1;
				LastSwiftUpdateCheck = 1400;
				LastUpgradeCheck = 1400;
				TargetAttributes = {
					CADE074529BB9D9900E1044A = {
						CreatedOnToolsVersion = 14.0;
					};
					CADE075529BB9D9B00E1044A = {
						CreatedOnToolsVersion = 14.0;
						TestTargetID = CADE074529BB9D9900E1044A;
					};
					CADE075F29BB9D9B00E1044A = {
						CreatedOnToolsVersion = 14.0;
						TestTargetID = CADE074529BB9D9900E1044A;
					};
				};
			};
			buildConfigurationList = CADE074129BB9D9900E1044A /* Build configuration list for PBXProject "SwileTest" */;
			compatibilityVersion = "Xcode 14.0";
			developmentRegion = en;
			hasScannedForEncodings = 0;
			knownRegions = (
				en,
				Base,
			);
			mainGroup = CADE073D29BB9D9900E1044A;
			productRefGroup = CADE074729BB9D9900E1044A /* Products */;
			projectDirPath = "";
			projectRoot = "";
			targets = (
				CADE074529BB9D9900E1044A /* SwileTest */,
				CADE075529BB9D9B00E1044A /* SwileTestTests */,
				CADE075F29BB9D9B00E1044A /* SwileTestUITests */,
			);
		};
/* End PBXProject section */

/* Begin PBXResourcesBuildPhase section */
		CADE074429BB9D9900E1044A /* Resources */ = {
			isa = PBXResourcesBuildPhase;
			buildActionMask = 2147483647;
			files = (
				CACBC24129C2694500BB154E /* Montserrat-Bold.ttf in Resources */,
				CADE075129BB9D9B00E1044A /* Preview Assets.xcassets in Resources */,
				CACBC23D29C2690B00BB154E /* Montserrat-Medium.ttf in Resources */,
				CACBC23F29C2693200BB154E /* Montserrat-SemiBold.ttf in Resources */,
				CADE074E29BB9D9B00E1044A /* Assets.xcassets in Resources */,
			);
			runOnlyForDeploymentPostprocessing = 0;
		};
		CADE075429BB9D9B00E1044A /* Resources */ = {
			isa = PBXResourcesBuildPhase;
			buildActionMask = 2147483647;
			files = (
			);
			runOnlyForDeploymentPostprocessing = 0;
		};
		CADE075E29BB9D9B00E1044A /* Resources */ = {
			isa = PBXResourcesBuildPhase;
			buildActionMask = 2147483647;
			files = (
			);
			runOnlyForDeploymentPostprocessing = 0;
		};
/* End PBXResourcesBuildPhase section */

/* Begin PBXSourcesBuildPhase section */
		CADE074229BB9D9900E1044A /* Sources */ = {
			isa = PBXSourcesBuildPhase;
			buildActionMask = 2147483647;
			files = (
				CA52B12229BD5EBA008345E0 /* TransactionAmount.swift in Sources */,
				CACBC24529C2C4BA00BB154E /* FontName.swift in Sources */,
				CACBC25729C47E8F00BB154E /* ImageView.swift in Sources */,
				CADE074C29BB9D9900E1044A /* ContentView.swift in Sources */,
				CA52B10029BBA0B4008345E0 /* NetworkService.swift in Sources */,
				CA52B12E29C01DB5008345E0 /* String+ValueOrEmpty.swift in Sources */,
				CA52B13229C021EF008345E0 /* Spacing.swift in Sources */,
				CACBC25429C3122300BB154E /* TransactionQuickActions.swift in Sources */,
				CACBC24729C2C4FC00BB154E /* FontFamily.swift in Sources */,
				CADE074A29BB9D9900E1044A /* SwileTestApp.swift in Sources */,
				CACBC24929C2C59400BB154E /* SemanticFont.swift in Sources */,
				CACBC23A29C1970D00BB154E /* Colors.swift in Sources */,
				CACBC24F29C2FC5A00BB154E /* TransactionDetailView.swift in Sources */,
				CA52B11029BBB225008345E0 /* Service.swift in Sources */,
				CA52B12829BF9312008345E0 /* TransactionListView.swift in Sources */,
				CA52B10D29BBB1AE008345E0 /* ServiceProtocol.swift in Sources */,
				CA52B12429BD5EF1008345E0 /* TransactionCurrency.swift in Sources */,
				CA52B11829BBD541008345E0 /* TransactionListViewModel.swift in Sources */,
				CACBC22E29C1075D00BB154E /* TransactionSmallIconCategory.swift in Sources */,
				CA52B11E29BD5E75008345E0 /* TransactionType.swift in Sources */,
				CACBC25129C30F8800BB154E /* String+Capitalized.swift in Sources */,
				CACBC23029C107C000BB154E /* TransactionLargeIconCategory.swift in Sources */,
				CACBC23629C1647700BB154E /* TransactionMonthGroup.swift in Sources */,
				CA52B11A29BD59E3008345E0 /* Endpoints.swift in Sources */,
				CA52B11529BBCD4C008345E0 /* TransactionListResponseModel.swift in Sources */,
				CA52B11C29BD5E5D008345E0 /* Transaction.swift in Sources */,
				CA52B13629C029FF008345E0 /* Double+NumberFormatter.swift in Sources */,
				CA52B13429C025BC008345E0 /* String+DateFormatter.swift in Sources */,
				CACBC23229C108E100BB154E /* TransactionLargeIcon.swift in Sources */,
				CA52B12A29BFB09D008345E0 /* TransactionListRow.swift in Sources */,
				CA52B12029BD5E9E008345E0 /* TransactionSmallIcon.swift in Sources */,
			);
			runOnlyForDeploymentPostprocessing = 0;
		};
		CADE075229BB9D9B00E1044A /* Sources */ = {
			isa = PBXSourcesBuildPhase;
			buildActionMask = 2147483647;
			files = (
				CA52B10629BBA1B0008345E0 /* URLSessionMock.swift in Sources */,
				CACBC25C29C53A0800BB154E /* TransactionLargeIconCategoryTests.swift in Sources */,
				CACBC26A29C5492D00BB154E /* String+DateFormatterTests.swift in Sources */,
				CACBC26C29C54A3D00BB154E /* String+ValueOrEmptyTests.swift in Sources */,
				CACBC26029C53DE700BB154E /* TransactionTests.swift in Sources */,
				CA52B10829BBA20B008345E0 /* URLSessionDataTaskMock.swift in Sources */,
				CACBC25A29C5344600BB154E /* TransactionListViewModelTests.swift in Sources */,
				CACBC25E29C53CDB00BB154E /* TransactionSmallIconCategoryTests.swift in Sources */,
				CACBC26829C5485900BB154E /* Double+NumberFormatterTests.swift in Sources */,
				CA52B10329BBA176008345E0 /* NetworkServiceTests.swift in Sources */,
				CACBC26329C5450700BB154E /* TransactionQuickActionsTests.swift in Sources */,
				CACBC26629C5478800BB154E /* String+CapitalizedTests.swift in Sources */,
			);
			runOnlyForDeploymentPostprocessing = 0;
		};
		CADE075C29BB9D9B00E1044A /* Sources */ = {
			isa = PBXSourcesBuildPhase;
			buildActionMask = 2147483647;
			files = (
				CADE076529BB9D9B00E1044A /* SwileTestUITests.swift in Sources */,
				CADE076729BB9D9B00E1044A /* SwileTestUITestsLaunchTests.swift in Sources */,
			);
			runOnlyForDeploymentPostprocessing = 0;
		};
/* End PBXSourcesBuildPhase section */

/* Begin PBXTargetDependency section */
		CADE075829BB9D9B00E1044A /* PBXTargetDependency */ = {
			isa = PBXTargetDependency;
			target = CADE074529BB9D9900E1044A /* SwileTest */;
			targetProxy = CADE075729BB9D9B00E1044A /* PBXContainerItemProxy */;
		};
		CADE076229BB9D9B00E1044A /* PBXTargetDependency */ = {
			isa = PBXTargetDependency;
			target = CADE074529BB9D9900E1044A /* SwileTest */;
			targetProxy = CADE076129BB9D9B00E1044A /* PBXContainerItemProxy */;
		};
/* End PBXTargetDependency section */

/* Begin XCBuildConfiguration section */
		CADE076829BB9D9B00E1044A /* Debug */ = {
			isa = XCBuildConfiguration;
			buildSettings = {
				ALWAYS_SEARCH_USER_PATHS = NO;
				CLANG_ANALYZER_NONNULL = YES;
				CLANG_ANALYZER_NUMBER_OBJECT_CONVERSION = YES_AGGRESSIVE;
				CLANG_CXX_LANGUAGE_STANDARD = "gnu++20";
				CLANG_ENABLE_MODULES = YES;
				CLANG_ENABLE_OBJC_ARC = YES;
				CLANG_ENABLE_OBJC_WEAK = YES;
				CLANG_WARN_BLOCK_CAPTURE_AUTORELEASING = YES;
				CLANG_WARN_BOOL_CONVERSION = YES;
				CLANG_WARN_COMMA = YES;
				CLANG_WARN_CONSTANT_CONVERSION = YES;
				CLANG_WARN_DEPRECATED_OBJC_IMPLEMENTATIONS = YES;
				CLANG_WARN_DIRECT_OBJC_ISA_USAGE = YES_ERROR;
				CLANG_WARN_DOCUMENTATION_COMMENTS = YES;
				CLANG_WARN_EMPTY_BODY = YES;
				CLANG_WARN_ENUM_CONVERSION = YES;
				CLANG_WARN_INFINITE_RECURSION = YES;
				CLANG_WARN_INT_CONVERSION = YES;
				CLANG_WARN_NON_LITERAL_NULL_CONVERSION = YES;
				CLANG_WARN_OBJC_IMPLICIT_RETAIN_SELF = YES;
				CLANG_WARN_OBJC_LITERAL_CONVERSION = YES;
				CLANG_WARN_OBJC_ROOT_CLASS = YES_ERROR;
				CLANG_WARN_QUOTED_INCLUDE_IN_FRAMEWORK_HEADER = YES;
				CLANG_WARN_RANGE_LOOP_ANALYSIS = YES;
				CLANG_WARN_STRICT_PROTOTYPES = YES;
				CLANG_WARN_SUSPICIOUS_MOVE = YES;
				CLANG_WARN_UNGUARDED_AVAILABILITY = YES_AGGRESSIVE;
				CLANG_WARN_UNREACHABLE_CODE = YES;
				CLANG_WARN__DUPLICATE_METHOD_MATCH = YES;
				COPY_PHASE_STRIP = NO;
				DEBUG_INFORMATION_FORMAT = dwarf;
				ENABLE_STRICT_OBJC_MSGSEND = YES;
				ENABLE_TESTABILITY = YES;
				GCC_C_LANGUAGE_STANDARD = gnu11;
				GCC_DYNAMIC_NO_PIC = NO;
				GCC_NO_COMMON_BLOCKS = YES;
				GCC_OPTIMIZATION_LEVEL = 0;
				GCC_PREPROCESSOR_DEFINITIONS = (
					"DEBUG=1",
					"$(inherited)",
				);
				GCC_WARN_64_TO_32_BIT_CONVERSION = YES;
				GCC_WARN_ABOUT_RETURN_TYPE = YES_ERROR;
				GCC_WARN_UNDECLARED_SELECTOR = YES;
				GCC_WARN_UNINITIALIZED_AUTOS = YES_AGGRESSIVE;
				GCC_WARN_UNUSED_FUNCTION = YES;
				GCC_WARN_UNUSED_VARIABLE = YES;
				IPHONEOS_DEPLOYMENT_TARGET = 16.0;
				MTL_ENABLE_DEBUG_INFO = INCLUDE_SOURCE;
				MTL_FAST_MATH = YES;
				ONLY_ACTIVE_ARCH = YES;
				SDKROOT = iphoneos;
				SWIFT_ACTIVE_COMPILATION_CONDITIONS = DEBUG;
				SWIFT_OPTIMIZATION_LEVEL = "-Onone";
			};
			name = Debug;
		};
		CADE076929BB9D9B00E1044A /* Release */ = {
			isa = XCBuildConfiguration;
			buildSettings = {
				ALWAYS_SEARCH_USER_PATHS = NO;
				CLANG_ANALYZER_NONNULL = YES;
				CLANG_ANALYZER_NUMBER_OBJECT_CONVERSION = YES_AGGRESSIVE;
				CLANG_CXX_LANGUAGE_STANDARD = "gnu++20";
				CLANG_ENABLE_MODULES = YES;
				CLANG_ENABLE_OBJC_ARC = YES;
				CLANG_ENABLE_OBJC_WEAK = YES;
				CLANG_WARN_BLOCK_CAPTURE_AUTORELEASING = YES;
				CLANG_WARN_BOOL_CONVERSION = YES;
				CLANG_WARN_COMMA = YES;
				CLANG_WARN_CONSTANT_CONVERSION = YES;
				CLANG_WARN_DEPRECATED_OBJC_IMPLEMENTATIONS = YES;
				CLANG_WARN_DIRECT_OBJC_ISA_USAGE = YES_ERROR;
				CLANG_WARN_DOCUMENTATION_COMMENTS = YES;
				CLANG_WARN_EMPTY_BODY = YES;
				CLANG_WARN_ENUM_CONVERSION = YES;
				CLANG_WARN_INFINITE_RECURSION = YES;
				CLANG_WARN_INT_CONVERSION = YES;
				CLANG_WARN_NON_LITERAL_NULL_CONVERSION = YES;
				CLANG_WARN_OBJC_IMPLICIT_RETAIN_SELF = YES;
				CLANG_WARN_OBJC_LITERAL_CONVERSION = YES;
				CLANG_WARN_OBJC_ROOT_CLASS = YES_ERROR;
				CLANG_WARN_QUOTED_INCLUDE_IN_FRAMEWORK_HEADER = YES;
				CLANG_WARN_RANGE_LOOP_ANALYSIS = YES;
				CLANG_WARN_STRICT_PROTOTYPES = YES;
				CLANG_WARN_SUSPICIOUS_MOVE = YES;
				CLANG_WARN_UNGUARDED_AVAILABILITY = YES_AGGRESSIVE;
				CLANG_WARN_UNREACHABLE_CODE = YES;
				CLANG_WARN__DUPLICATE_METHOD_MATCH = YES;
				COPY_PHASE_STRIP = NO;
				DEBUG_INFORMATION_FORMAT = "dwarf-with-dsym";
				ENABLE_NS_ASSERTIONS = NO;
				ENABLE_STRICT_OBJC_MSGSEND = YES;
				GCC_C_LANGUAGE_STANDARD = gnu11;
				GCC_NO_COMMON_BLOCKS = YES;
				GCC_WARN_64_TO_32_BIT_CONVERSION = YES;
				GCC_WARN_ABOUT_RETURN_TYPE = YES_ERROR;
				GCC_WARN_UNDECLARED_SELECTOR = YES;
				GCC_WARN_UNINITIALIZED_AUTOS = YES_AGGRESSIVE;
				GCC_WARN_UNUSED_FUNCTION = YES;
				GCC_WARN_UNUSED_VARIABLE = YES;
				IPHONEOS_DEPLOYMENT_TARGET = 16.0;
				MTL_ENABLE_DEBUG_INFO = NO;
				MTL_FAST_MATH = YES;
				SDKROOT = iphoneos;
				SWIFT_COMPILATION_MODE = wholemodule;
				SWIFT_OPTIMIZATION_LEVEL = "-O";
				VALIDATE_PRODUCT = YES;
			};
			name = Release;
		};
		CADE076B29BB9D9B00E1044A /* Debug */ = {
			isa = XCBuildConfiguration;
			buildSettings = {
				ASSETCATALOG_COMPILER_APPICON_NAME = AppIcon;
				ASSETCATALOG_COMPILER_GLOBAL_ACCENT_COLOR_NAME = AccentColor;
				CODE_SIGN_STYLE = Automatic;
				CURRENT_PROJECT_VERSION = 1;
				DEVELOPMENT_ASSET_PATHS = "\"SwileTest/Preview Content\"";
				DEVELOPMENT_TEAM = 7H2AHWG667;
				ENABLE_PREVIEWS = YES;
				GENERATE_INFOPLIST_FILE = YES;
				INFOPLIST_FILE = SwileTest/Info.plist;
				INFOPLIST_KEY_UIApplicationSceneManifest_Generation = YES;
				INFOPLIST_KEY_UIApplicationSupportsIndirectInputEvents = YES;
				INFOPLIST_KEY_UILaunchScreen_Generation = YES;
				INFOPLIST_KEY_UISupportedInterfaceOrientations_iPad = "UIInterfaceOrientationPortrait UIInterfaceOrientationPortraitUpsideDown UIInterfaceOrientationLandscapeLeft UIInterfaceOrientationLandscapeRight";
				INFOPLIST_KEY_UISupportedInterfaceOrientations_iPhone = "UIInterfaceOrientationPortrait UIInterfaceOrientationLandscapeLeft UIInterfaceOrientationLandscapeRight";
				LD_RUNPATH_SEARCH_PATHS = (
					"$(inherited)",
					"@executable_path/Frameworks",
				);
				MARKETING_VERSION = 1.0;
				PRODUCT_BUNDLE_IDENTIFIER = com.mateuscampos.SwileTest;
				PRODUCT_NAME = "$(TARGET_NAME)";
				SWIFT_EMIT_LOC_STRINGS = YES;
				SWIFT_VERSION = 5.0;
				TARGETED_DEVICE_FAMILY = "1,2";
			};
			name = Debug;
		};
		CADE076C29BB9D9B00E1044A /* Release */ = {
			isa = XCBuildConfiguration;
			buildSettings = {
				ASSETCATALOG_COMPILER_APPICON_NAME = AppIcon;
				ASSETCATALOG_COMPILER_GLOBAL_ACCENT_COLOR_NAME = AccentColor;
				CODE_SIGN_STYLE = Automatic;
				CURRENT_PROJECT_VERSION = 1;
				DEVELOPMENT_ASSET_PATHS = "\"SwileTest/Preview Content\"";
				DEVELOPMENT_TEAM = 7H2AHWG667;
				ENABLE_PREVIEWS = YES;
				GENERATE_INFOPLIST_FILE = YES;
				INFOPLIST_FILE = SwileTest/Info.plist;
				INFOPLIST_KEY_UIApplicationSceneManifest_Generation = YES;
				INFOPLIST_KEY_UIApplicationSupportsIndirectInputEvents = YES;
				INFOPLIST_KEY_UILaunchScreen_Generation = YES;
				INFOPLIST_KEY_UISupportedInterfaceOrientations_iPad = "UIInterfaceOrientationPortrait UIInterfaceOrientationPortraitUpsideDown UIInterfaceOrientationLandscapeLeft UIInterfaceOrientationLandscapeRight";
				INFOPLIST_KEY_UISupportedInterfaceOrientations_iPhone = "UIInterfaceOrientationPortrait UIInterfaceOrientationLandscapeLeft UIInterfaceOrientationLandscapeRight";
				LD_RUNPATH_SEARCH_PATHS = (
					"$(inherited)",
					"@executable_path/Frameworks",
				);
				MARKETING_VERSION = 1.0;
				PRODUCT_BUNDLE_IDENTIFIER = com.mateuscampos.SwileTest;
				PRODUCT_NAME = "$(TARGET_NAME)";
				SWIFT_EMIT_LOC_STRINGS = YES;
				SWIFT_VERSION = 5.0;
				TARGETED_DEVICE_FAMILY = "1,2";
			};
			name = Release;
		};
		CADE076E29BB9D9B00E1044A /* Debug */ = {
			isa = XCBuildConfiguration;
			buildSettings = {
				ALWAYS_EMBED_SWIFT_STANDARD_LIBRARIES = YES;
				BUNDLE_LOADER = "$(TEST_HOST)";
				CODE_SIGN_STYLE = Automatic;
				CURRENT_PROJECT_VERSION = 1;
				DEVELOPMENT_TEAM = 7H2AHWG667;
				GENERATE_INFOPLIST_FILE = YES;
				IPHONEOS_DEPLOYMENT_TARGET = 16.0;
				MARKETING_VERSION = 1.0;
				PRODUCT_BUNDLE_IDENTIFIER = com.mateuscampos.SwileTestTests;
				PRODUCT_NAME = "$(TARGET_NAME)";
				SWIFT_EMIT_LOC_STRINGS = NO;
				SWIFT_VERSION = 5.0;
				TARGETED_DEVICE_FAMILY = "1,2";
				TEST_HOST = "$(BUILT_PRODUCTS_DIR)/SwileTest.app/$(BUNDLE_EXECUTABLE_FOLDER_PATH)/SwileTest";
			};
			name = Debug;
		};
		CADE076F29BB9D9B00E1044A /* Release */ = {
			isa = XCBuildConfiguration;
			buildSettings = {
				ALWAYS_EMBED_SWIFT_STANDARD_LIBRARIES = YES;
				BUNDLE_LOADER = "$(TEST_HOST)";
				CODE_SIGN_STYLE = Automatic;
				CURRENT_PROJECT_VERSION = 1;
				DEVELOPMENT_TEAM = 7H2AHWG667;
				GENERATE_INFOPLIST_FILE = YES;
				IPHONEOS_DEPLOYMENT_TARGET = 16.0;
				MARKETING_VERSION = 1.0;
				PRODUCT_BUNDLE_IDENTIFIER = com.mateuscampos.SwileTestTests;
				PRODUCT_NAME = "$(TARGET_NAME)";
				SWIFT_EMIT_LOC_STRINGS = NO;
				SWIFT_VERSION = 5.0;
				TARGETED_DEVICE_FAMILY = "1,2";
				TEST_HOST = "$(BUILT_PRODUCTS_DIR)/SwileTest.app/$(BUNDLE_EXECUTABLE_FOLDER_PATH)/SwileTest";
			};
			name = Release;
		};
		CADE077129BB9D9B00E1044A /* Debug */ = {
			isa = XCBuildConfiguration;
			buildSettings = {
				ALWAYS_EMBED_SWIFT_STANDARD_LIBRARIES = YES;
				CODE_SIGN_STYLE = Automatic;
				CURRENT_PROJECT_VERSION = 1;
				DEVELOPMENT_TEAM = 7H2AHWG667;
				GENERATE_INFOPLIST_FILE = YES;
				MARKETING_VERSION = 1.0;
				PRODUCT_BUNDLE_IDENTIFIER = com.mateuscampos.SwileTestUITests;
				PRODUCT_NAME = "$(TARGET_NAME)";
				SWIFT_EMIT_LOC_STRINGS = NO;
				SWIFT_VERSION = 5.0;
				TARGETED_DEVICE_FAMILY = "1,2";
				TEST_TARGET_NAME = SwileTest;
			};
			name = Debug;
		};
		CADE077229BB9D9B00E1044A /* Release */ = {
			isa = XCBuildConfiguration;
			buildSettings = {
				ALWAYS_EMBED_SWIFT_STANDARD_LIBRARIES = YES;
				CODE_SIGN_STYLE = Automatic;
				CURRENT_PROJECT_VERSION = 1;
				DEVELOPMENT_TEAM = 7H2AHWG667;
				GENERATE_INFOPLIST_FILE = YES;
				MARKETING_VERSION = 1.0;
				PRODUCT_BUNDLE_IDENTIFIER = com.mateuscampos.SwileTestUITests;
				PRODUCT_NAME = "$(TARGET_NAME)";
				SWIFT_EMIT_LOC_STRINGS = NO;
				SWIFT_VERSION = 5.0;
				TARGETED_DEVICE_FAMILY = "1,2";
				TEST_TARGET_NAME = SwileTest;
			};
			name = Release;
		};
/* End XCBuildConfiguration section */

/* Begin XCConfigurationList section */
		CADE074129BB9D9900E1044A /* Build configuration list for PBXProject "SwileTest" */ = {
			isa = XCConfigurationList;
			buildConfigurations = (
				CADE076829BB9D9B00E1044A /* Debug */,
				CADE076929BB9D9B00E1044A /* Release */,
			);
			defaultConfigurationIsVisible = 0;
			defaultConfigurationName = Release;
		};
		CADE076A29BB9D9B00E1044A /* Build configuration list for PBXNativeTarget "SwileTest" */ = {
			isa = XCConfigurationList;
			buildConfigurations = (
				CADE076B29BB9D9B00E1044A /* Debug */,
				CADE076C29BB9D9B00E1044A /* Release */,
			);
			defaultConfigurationIsVisible = 0;
			defaultConfigurationName = Release;
		};
		CADE076D29BB9D9B00E1044A /* Build configuration list for PBXNativeTarget "SwileTestTests" */ = {
			isa = XCConfigurationList;
			buildConfigurations = (
				CADE076E29BB9D9B00E1044A /* Debug */,
				CADE076F29BB9D9B00E1044A /* Release */,
			);
			defaultConfigurationIsVisible = 0;
			defaultConfigurationName = Release;
		};
		CADE077029BB9D9B00E1044A /* Build configuration list for PBXNativeTarget "SwileTestUITests" */ = {
			isa = XCConfigurationList;
			buildConfigurations = (
				CADE077129BB9D9B00E1044A /* Debug */,
				CADE077229BB9D9B00E1044A /* Release */,
			);
			defaultConfigurationIsVisible = 0;
			defaultConfigurationName = Release;
		};
/* End XCConfigurationList section */
	};
	rootObject = CADE073E29BB9D9900E1044A /* Project object */;
}
